
Microsoft Visual Studio Solution File, Format Version 12.00
# Visual Studio Version 17
VisualStudioVersion = 17.4.33110.190
MinimumVisualStudioVersion = 10.0.40219.1
Project("{9A19103F-16F7-4668-BE54-9A1E7A4F7556}") = "BackendApi", "BackendApi\BackendApi.csproj", "{D1F2DADF-282C-4CF5-B021-5AED8CDF88D1}"
EndProject
Project("{2150E333-8FDC-42A3-9474-1A3956D46DE8}") = "Solution Items", "Solution Items", "{DD4F6E5F-A8AD-4CD2-9EDF-7816230659E8}"
	ProjectSection(SolutionItems) = preProject
		.editorconfig = .editorconfig
	EndProjectSection
EndProject
Project("{FAE04EC0-301F-11D3-BF4B-00C04F79EFBC}") = "BackendApi.Tests", "BackendApi.Tests\BackendApi.Tests.csproj", "{856BDB71-0A35-45A7-9663-E178A9F6BBDF}"
EndProject
Global
	GlobalSection(SolutionConfigurationPlatforms) = preSolution
		Debug|Any CPU = Debug|Any CPU
		Release|Any CPU = Release|Any CPU
	EndGlobalSection
	GlobalSection(ProjectConfigurationPlatforms) = postSolution
		{D1F2DADF-282C-4CF5-B021-5AED8CDF88D1}.Debug|Any CPU.ActiveCfg = Debug|Any CPU
		{D1F2DADF-282C-4CF5-B021-5AED8CDF88D1}.Debug|Any CPU.Build.0 = Debug|Any CPU
		{D1F2DADF-282C-4CF5-B021-5AED8CDF88D1}.Release|Any CPU.ActiveCfg = Release|Any CPU
		{D1F2DADF-282C-4CF5-B021-5AED8CDF88D1}.Release|Any CPU.Build.0 = Release|Any CPU
		{856BDB71-0A35-45A7-9663-E178A9F6BBDF}.Debug|Any CPU.ActiveCfg = Debug|Any CPU
		{856BDB71-0A35-45A7-9663-E178A9F6BBDF}.Debug|Any CPU.Build.0 = Debug|Any CPU
		{856BDB71-0A35-45A7-9663-E178A9F6BBDF}.Release|Any CPU.ActiveCfg = Release|Any CPU
		{856BDB71-0A35-45A7-9663-E178A9F6BBDF}.Release|Any CPU.Build.0 = Release|Any CPU
	EndGlobalSection
	GlobalSection(SolutionProperties) = preSolution
		HideSolutionNode = FALSE
	EndGlobalSection
	GlobalSection(ExtensibilityGlobals) = postSolution
		SolutionGuid = {6E6D7939-BA77-4F1F-9B21-6227775B1033}
	EndGlobalSection
EndGlobal
