
Microsoft Visual Studio Solution File, Format Version 12.00
# Visual Studio Version 17
VisualStudioVersion = 17.5.002.0
MinimumVisualStudioVersion = 10.0.40219.1
Project("{9A19103F-16F7-4668-BE54-9A1E7A4F7556}") = "BackendApi", "BackendApi.csproj", "{1882300E-2F5A-4847-81EF-F194AE607184}"
EndProject
Global
	GlobalSection(SolutionConfigurationPlatforms) = preSolution
		Debug|Any CPU = Debug|Any CPU
		Release|Any CPU = Release|Any CPU
	EndGlobalSection
	GlobalSection(ProjectConfigurationPlatforms) = postSolution
		{1882300E-2F5A-4847-81EF-F194AE607184}.Debug|Any CPU.ActiveCfg = Debug|Any CPU
		{1882300E-2F5A-4847-81EF-F194AE607184}.Debug|Any CPU.Build.0 = Debug|Any CPU
		{1882300E-2F5A-4847-81EF-F194AE607184}.Release|Any CPU.ActiveCfg = Release|Any CPU
		{1882300E-2F5A-4847-81EF-F194AE607184}.Release|Any CPU.Build.0 = Release|Any CPU
	EndGlobalSection
	GlobalSection(SolutionProperties) = preSolution
		HideSolutionNode = FALSE
	EndGlobalSection
	GlobalSection(ExtensibilityGlobals) = postSolution
		SolutionGuid = {AADA5B17-B974-44A7-B860-DD2F5360283C}
	EndGlobalSection
EndGlobal
